
Microsoft Visual Studio Solution File, Format Version 12.00
# Visual Studio Version 17
VisualStudioVersion = 17.14.36429.23 d17.14
MinimumVisualStudioVersion = 10.0.40219.1
Project("{FAE04EC0-301F-11D3-BF4B-00C04F79EFBC}") = "TodoManager", "TodoManager\TodoManager.csproj", "{302F8826-334E-4AF6-ADD2-91E25433F038}"
EndProject
Global
	GlobalSection(SolutionConfigurationPlatforms) = preSolution
		Debug|Any CPU = Debug|Any CPU
		Release|Any CPU = Release|Any CPU
	EndGlobalSection
	GlobalSection(ProjectConfigurationPlatforms) = postSolution
		{302F8826-334E-4AF6-ADD2-91E25433F038}.Debug|Any CPU.ActiveCfg = Debug|Any CPU
		{302F8826-334E-4AF6-ADD2-91E25433F038}.Debug|Any CPU.Build.0 = Debug|Any CPU
		{302F8826-334E-4AF6-ADD2-91E25433F038}.Release|Any CPU.ActiveCfg = Release|Any CPU
		{302F8826-334E-4AF6-ADD2-91E25433F038}.Release|Any CPU.Build.0 = Release|Any CPU
	EndGlobalSection
	GlobalSection(SolutionProperties) = preSolution
		HideSolutionNode = FALSE
	EndGlobalSection
	GlobalSection(ExtensibilityGlobals) = postSolution
		SolutionGuid = {B6282D02-0206-4E2D-8686-7CD9656CAD7B}
	EndGlobalSection
EndGlobal
